
Microsoft Visual Studio Solution File, Format Version 12.00
# Visual Studio Version 17
VisualStudioVersion = 17.9.34723.18
MinimumVisualStudioVersion = 10.0.40219.1
Project("{ac40614d-10aa-4ebd-8bc6-c0d562a27876}") = "WikiLinks", "WikiLinks.csproj", "{06597716-3765-457a-81da-dac1d02224f7}"
EndProject
Global
	GlobalSection(SolutionConfigurationPlatforms) = preSolution
		Debug|Any CPU = Debug|Any CPU
		Release|Any CPU = Release|Any CPU
	EndGlobalSection
	GlobalSection(ProjectConfigurationPlatforms) = postSolution
		{06597716-3765-457a-81da-dac1d02224f7}.Debug|Any CPU.ActiveCfg = Debug|Any CPU
		{06597716-3765-457a-81da-dac1d02224f7}.Debug|Any CPU.Build.0 = Debug|Any CPU
		{06597716-3765-457a-81da-dac1d02224f7}.Release|Any CPU.ActiveCfg = Release|Any CPU
		{06597716-3765-457a-81da-dac1d02224f7}.Release|Any CPU.Build.0 = Release|Any CPU
	EndGlobalSection
	GlobalSection(SolutionProperties) = preSolution
		HideSolutionNode = FALSE
	EndGlobalSection
	GlobalSection(ExtensibilityGlobals) = postSolution
		SolutionGuid = {3ddb500a-224b-4d93-a3e7-992b6fca816d}
	EndGlobalSection
EndGlobal
